
Microsoft Visual Studio Solution File, Format Version 12.00
# Visual Studio Version 17
VisualStudioVersion = 17.1.32319.34
MinimumVisualStudioVersion = 10.0.40219.1
Project("{9A19103F-16F7-4668-BE54-9A1E7A4F7556}") = "EmailClient", "EmailClient\EmailClient.csproj", "{1014B50C-EE64-4F3D-AC03-A22A51281ED3}"
EndProject
Project("{9A19103F-16F7-4668-BE54-9A1E7A4F7556}") = "BuisnessLayer", "BuisnessLayer\BuisnessLayer.csproj", "{88E1673C-0DBA-4998-94E3-CD27EA828113}"
	ProjectSection(ProjectDependencies) = postProject
		{3B8AC5EF-0331-4736-BDED-240C81B6AA5A} = {3B8AC5EF-0331-4736-BDED-240C81B6AA5A}
	EndProjectSection
EndProject
Project("{9A19103F-16F7-4668-BE54-9A1E7A4F7556}") = "DataAcessLayer", "DataAcessLayer\DataAcessLayer.csproj", "{3B8AC5EF-0331-4736-BDED-240C81B6AA5A}"
EndProject
Global
	GlobalSection(SolutionConfigurationPlatforms) = preSolution
		Debug|Any CPU = Debug|Any CPU
		Release|Any CPU = Release|Any CPU
	EndGlobalSection
	GlobalSection(ProjectConfigurationPlatforms) = postSolution
		{1014B50C-EE64-4F3D-AC03-A22A51281ED3}.Debug|Any CPU.ActiveCfg = Debug|Any CPU
		{1014B50C-EE64-4F3D-AC03-A22A51281ED3}.Debug|Any CPU.Build.0 = Debug|Any CPU
		{1014B50C-EE64-4F3D-AC03-A22A51281ED3}.Release|Any CPU.ActiveCfg = Release|Any CPU
		{1014B50C-EE64-4F3D-AC03-A22A51281ED3}.Release|Any CPU.Build.0 = Release|Any CPU
		{88E1673C-0DBA-4998-94E3-CD27EA828113}.Debug|Any CPU.ActiveCfg = Debug|Any CPU
		{88E1673C-0DBA-4998-94E3-CD27EA828113}.Debug|Any CPU.Build.0 = Debug|Any CPU
		{88E1673C-0DBA-4998-94E3-CD27EA828113}.Release|Any CPU.ActiveCfg = Release|Any CPU
		{88E1673C-0DBA-4998-94E3-CD27EA828113}.Release|Any CPU.Build.0 = Release|Any CPU
		{3B8AC5EF-0331-4736-BDED-240C81B6AA5A}.Debug|Any CPU.ActiveCfg = Debug|Any CPU
		{3B8AC5EF-0331-4736-BDED-240C81B6AA5A}.Debug|Any CPU.Build.0 = Debug|Any CPU
		{3B8AC5EF-0331-4736-BDED-240C81B6AA5A}.Release|Any CPU.ActiveCfg = Release|Any CPU
		{3B8AC5EF-0331-4736-BDED-240C81B6AA5A}.Release|Any CPU.Build.0 = Release|Any CPU
	EndGlobalSection
	GlobalSection(SolutionProperties) = preSolution
		HideSolutionNode = FALSE
	EndGlobalSection
	GlobalSection(ExtensibilityGlobals) = postSolution
		SolutionGuid = {7CE21E9D-9202-45F5-9527-8F070DEE4B52}
	EndGlobalSection
EndGlobal
